// !$*UTF8*$!
{
	archiveVersion = 1;
	classes = {
	};
	objectVersion = 50;
	objects = {

/* Begin PBXBuildFile section */
		D8706D9C23967FEE001BED6E /* AppDelegate.m in Sources */ = {isa = PBXBuildFile; fileRef = D8706D9B23967FEE001BED6E /* AppDelegate.m */; };
		D8706D9F23967FEE001BED6E /* SceneDelegate.m in Sources */ = {isa = PBXBuildFile; fileRef = D8706D9E23967FEE001BED6E /* SceneDelegate.m */; };
		D8706DA223967FEE001BED6E /* ViewController.m in Sources */ = {isa = PBXBuildFile; fileRef = D8706DA123967FEE001BED6E /* ViewController.m */; };
		D8706DA523967FEE001BED6E /* Main.storyboard in Resources */ = {isa = PBXBuildFile; fileRef = D8706DA323967FEE001BED6E /* Main.storyboard */; };
		D8706DA723967FF0001BED6E /* Assets.xcassets in Resources */ = {isa = PBXBuildFile; fileRef = D8706DA623967FF0001BED6E /* Assets.xcassets */; };
		D8706DAA23967FF0001BED6E /* LaunchScreen.storyboard in Resources */ = {isa = PBXBuildFile; fileRef = D8706DA823967FF0001BED6E /* LaunchScreen.storyboard */; };
		D8706DAD23967FF0001BED6E /* main.m in Sources */ = {isa = PBXBuildFile; fileRef = D8706DAC23967FF0001BED6E /* main.m */; };
		D8706DB723967FF0001BED6E /* Ejercicio_1Tests.m in Sources */ = {isa = PBXBuildFile; fileRef = D8706DB623967FF0001BED6E /* Ejercicio_1Tests.m */; };
		D8706DC223967FF0001BED6E /* Ejercicio_1UITests.m in Sources */ = {isa = PBXBuildFile; fileRef = D8706DC123967FF0001BED6E /* Ejercicio_1UITests.m */; };
		D8706DD3239683BF001BED6E /* Dioses2.plist in Resources */ = {isa = PBXBuildFile; fileRef = D8706DD2239683BF001BED6E /* Dioses2.plist */; };
		D8706DD623968458001BED6E /* TableViewController.m in Sources */ = {isa = PBXBuildFile; fileRef = D8706DD523968458001BED6E /* TableViewController.m */; };
		D8B60A3C239E655B0005E291 /* StaticTableViewController.m in Sources */ = {isa = PBXBuildFile; fileRef = D8B60A3B239E655B0005E291 /* StaticTableViewController.m */; };
/* End PBXBuildFile section */

/* Begin PBXContainerItemProxy section */
		D8706DB323967FF0001BED6E /* PBXContainerItemProxy */ = {
			isa = PBXContainerItemProxy;
			containerPortal = D8706D8F23967FEE001BED6E /* Project object */;
			proxyType = 1;
			remoteGlobalIDString = D8706D9623967FEE001BED6E;
			remoteInfo = "Ejercicio 1";
		};
		D8706DBE23967FF0001BED6E /* PBXContainerItemProxy */ = {
			isa = PBXContainerItemProxy;
			containerPortal = D8706D8F23967FEE001BED6E /* Project object */;
			proxyType = 1;
			remoteGlobalIDString = D8706D9623967FEE001BED6E;
			remoteInfo = "Ejercicio 1";
		};
/* End PBXContainerItemProxy section */

/* Begin PBXFileReference section */
		D8706D9723967FEE001BED6E /* Ejercicio 1.app */ = {isa = PBXFileReference; explicitFileType = wrapper.application; includeInIndex = 0; path = "Ejercicio 1.app"; sourceTree = BUILT_PRODUCTS_DIR; };
		D8706D9A23967FEE001BED6E /* AppDelegate.h */ = {isa = PBXFileReference; lastKnownFileType = sourcecode.c.h; path = AppDelegate.h; sourceTree = "<group>"; };
		D8706D9B23967FEE001BED6E /* AppDelegate.m */ = {isa = PBXFileReference; lastKnownFileType = sourcecode.c.objc; path = AppDelegate.m; sourceTree = "<group>"; };
		D8706D9D23967FEE001BED6E /* SceneDelegate.h */ = {isa = PBXFileReference; lastKnownFileType = sourcecode.c.h; path = SceneDelegate.h; sourceTree = "<group>"; };
		D8706D9E23967FEE001BED6E /* SceneDelegate.m */ = {isa = PBXFileReference; lastKnownFileType = sourcecode.c.objc; path = SceneDelegate.m; sourceTree = "<group>"; };
		D8706DA023967FEE001BED6E /* ViewController.h */ = {isa = PBXFileReference; lastKnownFileType = sourcecode.c.h; path = ViewController.h; sourceTree = "<group>"; };
		D8706DA123967FEE001BED6E /* ViewController.m */ = {isa = PBXFileReference; lastKnownFileType = sourcecode.c.objc; path = ViewController.m; sourceTree = "<group>"; };
		D8706DA423967FEE001BED6E /* Base */ = {isa = PBXFileReference; lastKnownFileType = file.storyboard; name = Base; path = Base.lproj/Main.storyboard; sourceTree = "<group>"; };
		D8706DA623967FF0001BED6E /* Assets.xcassets */ = {isa = PBXFileReference; lastKnownFileType = folder.assetcatalog; path = Assets.xcassets; sourceTree = "<group>"; };
		D8706DA923967FF0001BED6E /* Base */ = {isa = PBXFileReference; lastKnownFileType = file.storyboard; name = Base; path = Base.lproj/LaunchScreen.storyboard; sourceTree = "<group>"; };
		D8706DAB23967FF0001BED6E /* Info.plist */ = {isa = PBXFileReference; lastKnownFileType = text.plist.xml; path = Info.plist; sourceTree = "<group>"; };
		D8706DAC23967FF0001BED6E /* main.m */ = {isa = PBXFileReference; lastKnownFileType = sourcecode.c.objc; path = main.m; sourceTree = "<group>"; };
		D8706DB223967FF0001BED6E /* Ejercicio 1Tests.xctest */ = {isa = PBXFileReference; explicitFileType = wrapper.cfbundle; includeInIndex = 0; path = "Ejercicio 1Tests.xctest"; sourceTree = BUILT_PRODUCTS_DIR; };
		D8706DB623967FF0001BED6E /* Ejercicio_1Tests.m */ = {isa = PBXFileReference; lastKnownFileType = sourcecode.c.objc; path = Ejercicio_1Tests.m; sourceTree = "<group>"; };
		D8706DB823967FF0001BED6E /* Info.plist */ = {isa = PBXFileReference; lastKnownFileType = text.plist.xml; path = Info.plist; sourceTree = "<group>"; };
		D8706DBD23967FF0001BED6E /* Ejercicio 1UITests.xctest */ = {isa = PBXFileReference; explicitFileType = wrapper.cfbundle; includeInIndex = 0; path = "Ejercicio 1UITests.xctest"; sourceTree = BUILT_PRODUCTS_DIR; };
		D8706DC123967FF0001BED6E /* Ejercicio_1UITests.m */ = {isa = PBXFileReference; lastKnownFileType = sourcecode.c.objc; path = Ejercicio_1UITests.m; sourceTree = "<group>"; };
		D8706DC323967FF0001BED6E /* Info.plist */ = {isa = PBXFileReference; lastKnownFileType = text.plist.xml; path = Info.plist; sourceTree = "<group>"; };
		D8706DD2239683BF001BED6E /* Dioses2.plist */ = {isa = PBXFileReference; fileEncoding = 4; lastKnownFileType = text.plist.xml; path = Dioses2.plist; sourceTree = "<group>"; };
		D8706DD423968458001BED6E /* TableViewController.h */ = {isa = PBXFileReference; lastKnownFileType = sourcecode.c.h; path = TableViewController.h; sourceTree = "<group>"; };
		D8706DD523968458001BED6E /* TableViewController.m */ = {isa = PBXFileReference; lastKnownFileType = sourcecode.c.objc; path = TableViewController.m; sourceTree = "<group>"; };
		D8B60A3A239E655B0005E291 /* StaticTableViewController.h */ = {isa = PBXFileReference; lastKnownFileType = sourcecode.c.h; path = StaticTableViewController.h; sourceTree = "<group>"; };
		D8B60A3B239E655B0005E291 /* StaticTableViewController.m */ = {isa = PBXFileReference; lastKnownFileType = sourcecode.c.objc; path = StaticTableViewController.m; sourceTree = "<group>"; };
/* End PBXFileReference section */

/* Begin PBXFrameworksBuildPhase section */
		D8706D9423967FEE001BED6E /* Frameworks */ = {
			isa = PBXFrameworksBuildPhase;
			buildActionMask = 2147483647;
			files = (
			);
			runOnlyForDeploymentPostprocessing = 0;
		};
		D8706DAF23967FF0001BED6E /* Frameworks */ = {
			isa = PBXFrameworksBuildPhase;
			buildActionMask = 2147483647;
			files = (
			);
			runOnlyForDeploymentPostprocessing = 0;
		};
		D8706DBA23967FF0001BED6E /* Frameworks */ = {
			isa = PBXFrameworksBuildPhase;
			buildActionMask = 2147483647;
			files = (
			);
			runOnlyForDeploymentPostprocessing = 0;
		};
/* End PBXFrameworksBuildPhase section */

/* Begin PBXGroup section */
		D8706D8E23967FEE001BED6E = {
			isa = PBXGroup;
			children = (
				D8706D9923967FEE001BED6E /* Ejercicio 1 */,
				D8706DB523967FF0001BED6E /* Ejercicio 1Tests */,
				D8706DC023967FF0001BED6E /* Ejercicio 1UITests */,
				D8706D9823967FEE001BED6E /* Products */,
			);
			sourceTree = "<group>";
		};
		D8706D9823967FEE001BED6E /* Products */ = {
			isa = PBXGroup;
			children = (
				D8706D9723967FEE001BED6E /* Ejercicio 1.app */,
				D8706DB223967FF0001BED6E /* Ejercicio 1Tests.xctest */,
				D8706DBD23967FF0001BED6E /* Ejercicio 1UITests.xctest */,
			);
			name = Products;
			sourceTree = "<group>";
		};
		D8706D9923967FEE001BED6E /* Ejercicio 1 */ = {
			isa = PBXGroup;
			children = (
				D8706DD2239683BF001BED6E /* Dioses2.plist */,
				D8706D9A23967FEE001BED6E /* AppDelegate.h */,
				D8706D9B23967FEE001BED6E /* AppDelegate.m */,
				D8706D9D23967FEE001BED6E /* SceneDelegate.h */,
				D8706D9E23967FEE001BED6E /* SceneDelegate.m */,
				D8706DA023967FEE001BED6E /* ViewController.h */,
				D8706DA123967FEE001BED6E /* ViewController.m */,
				D8706DA323967FEE001BED6E /* Main.storyboard */,
				D8706DA623967FF0001BED6E /* Assets.xcassets */,
				D8706DA823967FF0001BED6E /* LaunchScreen.storyboard */,
				D8706DAB23967FF0001BED6E /* Info.plist */,
				D8706DAC23967FF0001BED6E /* main.m */,
				D8706DD423968458001BED6E /* TableViewController.h */,
				D8706DD523968458001BED6E /* TableViewController.m */,
				D8B60A3A239E655B0005E291 /* StaticTableViewController.h */,
				D8B60A3B239E655B0005E291 /* StaticTableViewController.m */,
			);
			path = "Ejercicio 1";
			sourceTree = "<group>";
		};
		D8706DB523967FF0001BED6E /* Ejercicio 1Tests */ = {
			isa = PBXGroup;
			children = (
				D8706DB623967FF0001BED6E /* Ejercicio_1Tests.m */,
				D8706DB823967FF0001BED6E /* Info.plist */,
			);
			path = "Ejercicio 1Tests";
			sourceTree = "<group>";
		};
		D8706DC023967FF0001BED6E /* Ejercicio 1UITests */ = {
			isa = PBXGroup;
			children = (
				D8706DC123967FF0001BED6E /* Ejercicio_1UITests.m */,
				D8706DC323967FF0001BED6E /* Info.plist */,
			);
			path = "Ejercicio 1UITests";
			sourceTree = "<group>";
		};
/* End PBXGroup section */

/* Begin PBXNativeTarget section */
		D8706D9623967FEE001BED6E /* Ejercicio 1 */ = {
			isa = PBXNativeTarget;
			buildConfigurationList = D8706DC623967FF0001BED6E /* Build configuration list for PBXNativeTarget "Ejercicio 1" */;
			buildPhases = (
				D8706D9323967FEE001BED6E /* Sources */,
				D8706D9423967FEE001BED6E /* Frameworks */,
				D8706D9523967FEE001BED6E /* Resources */,
			);
			buildRules = (
			);
			dependencies = (
			);
			name = "Ejercicio 1";
			productName = "Ejercicio 1";
			productReference = D8706D9723967FEE001BED6E /* Ejercicio 1.app */;
			productType = "com.apple.product-type.application";
		};
		D8706DB123967FF0001BED6E /* Ejercicio 1Tests */ = {
			isa = PBXNativeTarget;
			buildConfigurationList = D8706DC923967FF0001BED6E /* Build configuration list for PBXNativeTarget "Ejercicio 1Tests" */;
			buildPhases = (
				D8706DAE23967FF0001BED6E /* Sources */,
				D8706DAF23967FF0001BED6E /* Frameworks */,
				D8706DB023967FF0001BED6E /* Resources */,
			);
			buildRules = (
			);
			dependencies = (
				D8706DB423967FF0001BED6E /* PBXTargetDependency */,
			);
			name = "Ejercicio 1Tests";
			productName = "Ejercicio 1Tests";
			productReference = D8706DB223967FF0001BED6E /* Ejercicio 1Tests.xctest */;
			productType = "com.apple.product-type.bundle.unit-test";
		};
		D8706DBC23967FF0001BED6E /* Ejercicio 1UITests */ = {
			isa = PBXNativeTarget;
			buildConfigurationList = D8706DCC23967FF0001BED6E /* Build configuration list for PBXNativeTarget "Ejercicio 1UITests" */;
			buildPhases = (
				D8706DB923967FF0001BED6E /* Sources */,
				D8706DBA23967FF0001BED6E /* Frameworks */,
				D8706DBB23967FF0001BED6E /* Resources */,
			);
			buildRules = (
			);
			dependencies = (
				D8706DBF23967FF0001BED6E /* PBXTargetDependency */,
			);
			name = "Ejercicio 1UITests";
			productName = "Ejercicio 1UITests";
			productReference = D8706DBD23967FF0001BED6E /* Ejercicio 1UITests.xctest */;
			productType = "com.apple.product-type.bundle.ui-testing";
		};
/* End PBXNativeTarget section */

/* Begin PBXProject section */
		D8706D8F23967FEE001BED6E /* Project object */ = {
			isa = PBXProject;
			attributes = {
				LastUpgradeCheck = 1120;
				ORGANIZATIONNAME = jesdomtri;
				TargetAttributes = {
					D8706D9623967FEE001BED6E = {
						CreatedOnToolsVersion = 11.2.1;
					};
					D8706DB123967FF0001BED6E = {
						CreatedOnToolsVersion = 11.2.1;
						TestTargetID = D8706D9623967FEE001BED6E;
					};
					D8706DBC23967FF0001BED6E = {
						CreatedOnToolsVersion = 11.2.1;
						TestTargetID = D8706D9623967FEE001BED6E;
					};
				};
			};
			buildConfigurationList = D8706D9223967FEE001BED6E /* Build configuration list for PBXProject "Ejercicio 1" */;
			compatibilityVersion = "Xcode 9.3";
			developmentRegion = en;
			hasScannedForEncodings = 0;
			knownRegions = (
				en,
				Base,
			);
			mainGroup = D8706D8E23967FEE001BED6E;
			productRefGroup = D8706D9823967FEE001BED6E /* Products */;
			projectDirPath = "";
			projectRoot = "";
			targets = (
				D8706D9623967FEE001BED6E /* Ejercicio 1 */,
				D8706DB123967FF0001BED6E /* Ejercicio 1Tests */,
				D8706DBC23967FF0001BED6E /* Ejercicio 1UITests */,
			);
		};
/* End PBXProject section */

/* Begin PBXResourcesBuildPhase section */
		D8706D9523967FEE001BED6E /* Resources */ = {
			isa = PBXResourcesBuildPhase;
			buildActionMask = 2147483647;
			files = (
				D8706DD3239683BF001BED6E /* Dioses2.plist in Resources */,
				D8706DAA23967FF0001BED6E /* LaunchScreen.storyboard in Resources */,
				D8706DA723967FF0001BED6E /* Assets.xcassets in Resources */,
				D8706DA523967FEE001BED6E /* Main.storyboard in Resources */,
			);
			runOnlyForDeploymentPostprocessing = 0;
		};
		D8706DB023967FF0001BED6E /* Resources */ = {
			isa = PBXResourcesBuildPhase;
			buildActionMask = 2147483647;
			files = (
			);
			runOnlyForDeploymentPostprocessing = 0;
		};
		D8706DBB23967FF0001BED6E /* Resources */ = {
			isa = PBXResourcesBuildPhase;
			buildActionMask = 2147483647;
			files = (
			);
			runOnlyForDeploymentPostprocessing = 0;
		};
/* End PBXResourcesBuildPhase section */

/* Begin PBXSourcesBuildPhase section */
		D8706D9323967FEE001BED6E /* Sources */ = {
			isa = PBXSourcesBuildPhase;
			buildActionMask = 2147483647;
			files = (
				D8706DA223967FEE001BED6E /* ViewController.m in Sources */,
				D8706D9C23967FEE001BED6E /* AppDelegate.m in Sources */,
				D8706DAD23967FF0001BED6E /* main.m in Sources */,
				D8B60A3C239E655B0005E291 /* StaticTableViewController.m in Sources */,
				D8706DD623968458001BED6E /* TableViewController.m in Sources */,
				D8706D9F23967FEE001BED6E /* SceneDelegate.m in Sources */,
			);
			runOnlyForDeploymentPostprocessing = 0;
		};
		D8706DAE23967FF0001BED6E /* Sources */ = {
			isa = PBXSourcesBuildPhase;
			buildActionMask = 2147483647;
			files = (
				D8706DB723967FF0001BED6E /* Ejercicio_1Tests.m in Sources */,
			);
			runOnlyForDeploymentPostprocessing = 0;
		};
		D8706DB923967FF0001BED6E /* Sources */ = {
			isa = PBXSourcesBuildPhase;
			buildActionMask = 2147483647;
			files = (
				D8706DC223967FF0001BED6E /* Ejercicio_1UITests.m in Sources */,
			);
			runOnlyForDeploymentPostprocessing = 0;
		};
/* End PBXSourcesBuildPhase section */

/* Begin PBXTargetDependency section */
		D8706DB423967FF0001BED6E /* PBXTargetDependency */ = {
			isa = PBXTargetDependency;
			target = D8706D9623967FEE001BED6E /* Ejercicio 1 */;
			targetProxy = D8706DB323967FF0001BED6E /* PBXContainerItemProxy */;
		};
		D8706DBF23967FF0001BED6E /* PBXTargetDependency */ = {
			isa = PBXTargetDependency;
			target = D8706D9623967FEE001BED6E /* Ejercicio 1 */;
			targetProxy = D8706DBE23967FF0001BED6E /* PBXContainerItemProxy */;
		};
/* End PBXTargetDependency section */

/* Begin PBXVariantGroup section */
		D8706DA323967FEE001BED6E /* Main.storyboard */ = {
			isa = PBXVariantGroup;
			children = (
				D8706DA423967FEE001BED6E /* Base */,
			);
			name = Main.storyboard;
			sourceTree = "<group>";
		};
		D8706DA823967FF0001BED6E /* LaunchScreen.storyboard */ = {
			isa = PBXVariantGroup;
			children = (
				D8706DA923967FF0001BED6E /* Base */,
			);
			name = LaunchScreen.storyboard;
			sourceTree = "<group>";
		};
/* End PBXVariantGroup section */

/* Begin XCBuildConfiguration section */
		D8706DC423967FF0001BED6E /* Debug */ = {
			isa = XCBuildConfiguration;
			buildSettings = {
				ALWAYS_SEARCH_USER_PATHS = NO;
				CLANG_ANALYZER_NONNULL = YES;
				CLANG_ANALYZER_NUMBER_OBJECT_CONVERSION = YES_AGGRESSIVE;
				CLANG_CXX_LANGUAGE_STANDARD = "gnu++14";
				CLANG_CXX_LIBRARY = "libc++";
				CLANG_ENABLE_MODULES = YES;
				CLANG_ENABLE_OBJC_ARC = YES;
				CLANG_ENABLE_OBJC_WEAK = YES;
				CLANG_WARN_BLOCK_CAPTURE_AUTORELEASING = YES;
				CLANG_WARN_BOOL_CONVERSION = YES;
				CLANG_WARN_COMMA = YES;
				CLANG_WARN_CONSTANT_CONVERSION = YES;
				CLANG_WARN_DEPRECATED_OBJC_IMPLEMENTATIONS = YES;
				CLANG_WARN_DIRECT_OBJC_ISA_USAGE = YES_ERROR;
				CLANG_WARN_DOCUMENTATION_COMMENTS = YES;
				CLANG_WARN_EMPTY_BODY = YES;
				CLANG_WARN_ENUM_CONVERSION = YES;
				CLANG_WARN_INFINITE_RECURSION = YES;
				CLANG_WARN_INT_CONVERSION = YES;
				CLANG_WARN_NON_LITERAL_NULL_CONVERSION = YES;
				CLANG_WARN_OBJC_IMPLICIT_RETAIN_SELF = YES;
				CLANG_WARN_OBJC_LITERAL_CONVERSION = YES;
				CLANG_WARN_OBJC_ROOT_CLASS = YES_ERROR;
				CLANG_WARN_RANGE_LOOP_ANALYSIS = YES;
				CLANG_WARN_STRICT_PROTOTYPES = YES;
				CLANG_WARN_SUSPICIOUS_MOVE = YES;
				CLANG_WARN_UNGUARDED_AVAILABILITY = YES_AGGRESSIVE;
				CLANG_WARN_UNREACHABLE_CODE = YES;
				CLANG_WARN__DUPLICATE_METHOD_MATCH = YES;
				COPY_PHASE_STRIP = NO;
				DEBUG_INFORMATION_FORMAT = dwarf;
				ENABLE_STRICT_OBJC_MSGSEND = YES;
				ENABLE_TESTABILITY = YES;
				GCC_C_LANGUAGE_STANDARD = gnu11;
				GCC_DYNAMIC_NO_PIC = NO;
				GCC_NO_COMMON_BLOCKS = YES;
				GCC_OPTIMIZATION_LEVEL = 0;
				GCC_PREPROCESSOR_DEFINITIONS = (
					"DEBUG=1",
					"$(inherited)",
				);
				GCC_WARN_64_TO_32_BIT_CONVERSION = YES;
				GCC_WARN_ABOUT_RETURN_TYPE = YES_ERROR;
				GCC_WARN_UNDECLARED_SELECTOR = YES;
				GCC_WARN_UNINITIALIZED_AUTOS = YES_AGGRESSIVE;
				GCC_WARN_UNUSED_FUNCTION = YES;
				GCC_WARN_UNUSED_VARIABLE = YES;
				IPHONEOS_DEPLOYMENT_TARGET = 13.2;
				MTL_ENABLE_DEBUG_INFO = INCLUDE_SOURCE;
				MTL_FAST_MATH = YES;
				ONLY_ACTIVE_ARCH = YES;
				SDKROOT = iphoneos;
			};
			name = Debug;
		};
		D8706DC523967FF0001BED6E /* Release */ = {
			isa = XCBuildConfiguration;
			buildSettings = {
				ALWAYS_SEARCH_USER_PATHS = NO;
				CLANG_ANALYZER_NONNULL = YES;
				CLANG_ANALYZER_NUMBER_OBJECT_CONVERSION = YES_AGGRESSIVE;
				CLANG_CXX_LANGUAGE_STANDARD = "gnu++14";
				CLANG_CXX_LIBRARY = "libc++";
				CLANG_ENABLE_MODULES = YES;
				CLANG_ENABLE_OBJC_ARC = YES;
				CLANG_ENABLE_OBJC_WEAK = YES;
				CLANG_WARN_BLOCK_CAPTURE_AUTORELEASING = YES;
				CLANG_WARN_BOOL_CONVERSION = YES;
				CLANG_WARN_COMMA = YES;
				CLANG_WARN_CONSTANT_CONVERSION = YES;
				CLANG_WARN_DEPRECATED_OBJC_IMPLEMENTATIONS = YES;
				CLANG_WARN_DIRECT_OBJC_ISA_USAGE = YES_ERROR;
				CLANG_WARN_DOCUMENTATION_COMMENTS = YES;
				CLANG_WARN_EMPTY_BODY = YES;
				CLANG_WARN_ENUM_CONVERSION = YES;
				CLANG_WARN_INFINITE_RECURSION = YES;
				CLANG_WARN_INT_CONVERSION = YES;
				CLANG_WARN_NON_LITERAL_NULL_CONVERSION = YES;
				CLANG_WARN_OBJC_IMPLICIT_RETAIN_SELF = YES;
				CLANG_WARN_OBJC_LITERAL_CONVERSION = YES;
				CLANG_WARN_OBJC_ROOT_CLASS = YES_ERROR;
				CLANG_WARN_RANGE_LOOP_ANALYSIS = YES;
				CLANG_WARN_STRICT_PROTOTYPES = YES;
				CLANG_WARN_SUSPICIOUS_MOVE = YES;
				CLANG_WARN_UNGUARDED_AVAILABILITY = YES_AGGRESSIVE;
				CLANG_WARN_UNREACHABLE_CODE = YES;
				CLANG_WARN__DUPLICATE_METHOD_MATCH = YES;
				COPY_PHASE_STRIP = NO;
				DEBUG_INFORMATION_FORMAT = "dwarf-with-dsym";
				ENABLE_NS_ASSERTIONS = NO;
				ENABLE_STRICT_OBJC_MSGSEND = YES;
				GCC_C_LANGUAGE_STANDARD = gnu11;
				GCC_NO_COMMON_BLOCKS = YES;
				GCC_WARN_64_TO_32_BIT_CONVERSION = YES;
				GCC_WARN_ABOUT_RETURN_TYPE = YES_ERROR;
				GCC_WARN_UNDECLARED_SELECTOR = YES;
				GCC_WARN_UNINITIALIZED_AUTOS = YES_AGGRESSIVE;
				GCC_WARN_UNUSED_FUNCTION = YES;
				GCC_WARN_UNUSED_VARIABLE = YES;
				IPHONEOS_DEPLOYMENT_TARGET = 13.2;
				MTL_ENABLE_DEBUG_INFO = NO;
				MTL_FAST_MATH = YES;
				SDKROOT = iphoneos;
				VALIDATE_PRODUCT = YES;
			};
			name = Release;
		};
		D8706DC723967FF0001BED6E /* Debug */ = {
			isa = XCBuildConfiguration;
			buildSettings = {
				ASSETCATALOG_COMPILER_APPICON_NAME = AppIcon;
				CODE_SIGN_STYLE = Automatic;
				INFOPLIST_FILE = "Ejercicio 1/Info.plist";
				LD_RUNPATH_SEARCH_PATHS = (
					"$(inherited)",
					"@executable_path/Frameworks",
				);
				PRODUCT_BUNDLE_IDENTIFIER = "us.Ejercicio-1";
				PRODUCT_NAME = "$(TARGET_NAME)";
				TARGETED_DEVICE_FAMILY = "1,2";
			};
			name = Debug;
		};
		D8706DC823967FF0001BED6E /* Release */ = {
			isa = XCBuildConfiguration;
			buildSettings = {
				ASSETCATALOG_COMPILER_APPICON_NAME = AppIcon;
				CODE_SIGN_STYLE = Automatic;
				INFOPLIST_FILE = "Ejercicio 1/Info.plist";
				LD_RUNPATH_SEARCH_PATHS = (
					"$(inherited)",
					"@executable_path/Frameworks",
				);
				PRODUCT_BUNDLE_IDENTIFIER = "us.Ejercicio-1";
				PRODUCT_NAME = "$(TARGET_NAME)";
				TARGETED_DEVICE_FAMILY = "1,2";
			};
			name = Release;
		};
		D8706DCA23967FF0001BED6E /* Debug */ = {
			isa = XCBuildConfiguration;
			buildSettings = {
				BUNDLE_LOADER = "$(TEST_HOST)";
				CODE_SIGN_STYLE = Automatic;
				INFOPLIST_FILE = "Ejercicio 1Tests/Info.plist";
				IPHONEOS_DEPLOYMENT_TARGET = 13.2;
				LD_RUNPATH_SEARCH_PATHS = (
					"$(inherited)",
					"@executable_path/Frameworks",
					"@loader_path/Frameworks",
				);
				PRODUCT_BUNDLE_IDENTIFIER = "us.Ejercicio-1Tests";
				PRODUCT_NAME = "$(TARGET_NAME)";
				TARGETED_DEVICE_FAMILY = "1,2";
				TEST_HOST = "$(BUILT_PRODUCTS_DIR)/Ejercicio 1.app/Ejercicio 1";
			};
			name = Debug;
		};
		D8706DCB23967FF0001BED6E /* Release */ = {
			isa = XCBuildConfiguration;
			buildSettings = {
				BUNDLE_LOADER = "$(TEST_HOST)";
				CODE_SIGN_STYLE = Automatic;
				INFOPLIST_FILE = "Ejercicio 1Tests/Info.plist";
				IPHONEOS_DEPLOYMENT_TARGET = 13.2;
				LD_RUNPATH_SEARCH_PATHS = (
					"$(inherited)",
					"@executable_path/Frameworks",
					"@loader_path/Frameworks",
				);
				PRODUCT_BUNDLE_IDENTIFIER = "us.Ejercicio-1Tests";
				PRODUCT_NAME = "$(TARGET_NAME)";
				TARGETED_DEVICE_FAMILY = "1,2";
				TEST_HOST = "$(BUILT_PRODUCTS_DIR)/Ejercicio 1.app/Ejercicio 1";
			};
			name = Release;
		};
		D8706DCD23967FF0001BED6E /* Debug */ = {
			isa = XCBuildConfiguration;
			buildSettings = {
				CODE_SIGN_STYLE = Automatic;
				INFOPLIST_FILE = "Ejercicio 1UITests/Info.plist";
				LD_RUNPATH_SEARCH_PATHS = (
					"$(inherited)",
					"@executable_path/Frameworks",
					"@loader_path/Frameworks",
				);
				PRODUCT_BUNDLE_IDENTIFIER = "us.Ejercicio-1UITests";
				PRODUCT_NAME = "$(TARGET_NAME)";
				TARGETED_DEVICE_FAMILY = "1,2";
				TEST_TARGET_NAME = "Ejercicio 1";
			};
			name = Debug;
		};
		D8706DCE23967FF0001BED6E /* Release */ = {
			isa = XCBuildConfiguration;
			buildSettings = {
				CODE_SIGN_STYLE = Automatic;
				INFOPLIST_FILE = "Ejercicio 1UITests/Info.plist";
				LD_RUNPATH_SEARCH_PATHS = (
					"$(inherited)",
					"@executable_path/Frameworks",
					"@loader_path/Frameworks",
				);
				PRODUCT_BUNDLE_IDENTIFIER = "us.Ejercicio-1UITests";
				PRODUCT_NAME = "$(TARGET_NAME)";
				TARGETED_DEVICE_FAMILY = "1,2";
				TEST_TARGET_NAME = "Ejercicio 1";
			};
			name = Release;
		};
/* End XCBuildConfiguration section */

/* Begin XCConfigurationList section */
		D8706D9223967FEE001BED6E /* Build configuration list for PBXProject "Ejercicio 1" */ = {
			isa = XCConfigurationList;
			buildConfigurations = (
				D8706DC423967FF0001BED6E /* Debug */,
				D8706DC523967FF0001BED6E /* Release */,
			);
			defaultConfigurationIsVisible = 0;
			defaultConfigurationName = Release;
		};
		D8706DC623967FF0001BED6E /* Build configuration list for PBXNativeTarget "Ejercicio 1" */ = {
			isa = XCConfigurationList;
			buildConfigurations = (
				D8706DC723967FF0001BED6E /* Debug */,
				D8706DC823967FF0001BED6E /* Release */,
			);
			defaultConfigurationIsVisible = 0;
			defaultConfigurationName = Release;
		};
		D8706DC923967FF0001BED6E /* Build configuration list for PBXNativeTarget "Ejercicio 1Tests" */ = {
			isa = XCConfigurationList;
			buildConfigurations = (
				D8706DCA23967FF0001BED6E /* Debug */,
				D8706DCB23967FF0001BED6E /* Release */,
			);
			defaultConfigurationIsVisible = 0;
			defaultConfigurationName = Release;
		};
		D8706DCC23967FF0001BED6E /* Build configuration list for PBXNativeTarget "Ejercicio 1UITests" */ = {
			isa = XCConfigurationList;
			buildConfigurations = (
				D8706DCD23967FF0001BED6E /* Debug */,
				D8706DCE23967FF0001BED6E /* Release */,
			);
			defaultConfigurationIsVisible = 0;
			defaultConfigurationName = Release;
		};
/* End XCConfigurationList section */
	};
	rootObject = D8706D8F23967FEE001BED6E /* Project object */;
}
